
Microsoft Visual Studio Solution File, Format Version 12.00
# Visual Studio 14
VisualStudioVersion = 14.0.24720.0
MinimumVisualStudioVersion = 10.0.40219.1
Project("{FAE04EC0-301F-11D3-BF4B-00C04F79EFBC}") = "CustomSystems", "CustomSystems\CustomSystems.csproj", "{EEE9E234-5563-4DC7-96D2-8ADD97FCB87D}"
EndProject
Global
	GlobalSection(SolutionConfigurationPlatforms) = preSolution
		Debug|Any CPU = Debug|Any CPU
		Release|Any CPU = Release|Any CPU
	EndGlobalSection
	GlobalSection(ProjectConfigurationPlatforms) = postSolution
		{EEE9E234-5563-4DC7-96D2-8ADD97FCB87D}.Debug|Any CPU.ActiveCfg = Debug|Any CPU
		{EEE9E234-5563-4DC7-96D2-8ADD97FCB87D}.Debug|Any CPU.Build.0 = Debug|Any CPU
		{EEE9E234-5563-4DC7-96D2-8ADD97FCB87D}.Release|Any CPU.ActiveCfg = Release|Any CPU
		{EEE9E234-5563-4DC7-96D2-8ADD97FCB87D}.Release|Any CPU.Build.0 = Release|Any CPU
	EndGlobalSection
	GlobalSection(SolutionProperties) = preSolution
		HideSolutionNode = FALSE
	EndGlobalSection
EndGlobal
